// !$*UTF8*$!
{
	archiveVersion = 1;
	classes = {
	};
	objectVersion = 55;
	objects = {

/* Begin PBXBuildFile section */
		A526794027B9311000EDFD3E /* AllLaunchesCollectionViewCell.swift in Sources */ = {isa = PBXBuildFile; fileRef = A526793F27B9311000EDFD3E /* AllLaunchesCollectionViewCell.swift */; };
		A526794327B9335600EDFD3E /* Kingfisher in Frameworks */ = {isa = PBXBuildFile; productRef = A526794227B9335600EDFD3E /* Kingfisher */; };
		A526794627B9337400EDFD3E /* SnapKit in Frameworks */ = {isa = PBXBuildFile; productRef = A526794527B9337400EDFD3E /* SnapKit */; };
		A526794927B934FB00EDFD3E /* AllLaunchesCollectionViewProvider.swift in Sources */ = {isa = PBXBuildFile; fileRef = A526794827B934FB00EDFD3E /* AllLaunchesCollectionViewProvider.swift */; };
		A526794C27B935E500EDFD3E /* AllLaunchesViewModel.swift in Sources */ = {isa = PBXBuildFile; fileRef = A526794B27B935E500EDFD3E /* AllLaunchesViewModel.swift */; };
		A526794F27B9369B00EDFD3E /* LaunchDetailViewController.swift in Sources */ = {isa = PBXBuildFile; fileRef = A526794E27B9369B00EDFD3E /* LaunchDetailViewController.swift */; };
		A526795427B9428B00EDFD3E /* UIViewController+Extension.swift in Sources */ = {isa = PBXBuildFile; fileRef = A526795327B9428B00EDFD3E /* UIViewController+Extension.swift */; };
		A5520D1427B1AC2300621BC6 /* AppDelegate.swift in Sources */ = {isa = PBXBuildFile; fileRef = A5520D1327B1AC2300621BC6 /* AppDelegate.swift */; };
		A5520D1627B1AC2300621BC6 /* SceneDelegate.swift in Sources */ = {isa = PBXBuildFile; fileRef = A5520D1527B1AC2300621BC6 /* SceneDelegate.swift */; };
		A5520D1827B1AC2300621BC6 /* AllLaunchesViewController.swift in Sources */ = {isa = PBXBuildFile; fileRef = A5520D1727B1AC2300621BC6 /* AllLaunchesViewController.swift */; };
		A5520D1D27B1AC2300621BC6 /* Assets.xcassets in Resources */ = {isa = PBXBuildFile; fileRef = A5520D1C27B1AC2300621BC6 /* Assets.xcassets */; };
		A5520D2027B1AC2300621BC6 /* LaunchScreen.storyboard in Resources */ = {isa = PBXBuildFile; fileRef = A5520D1E27B1AC2300621BC6 /* LaunchScreen.storyboard */; };
		A5520D2B27B1AE5F00621BC6 /* Coordinator.swift in Sources */ = {isa = PBXBuildFile; fileRef = A5520D2A27B1AE5F00621BC6 /* Coordinator.swift */; };
		A5520D2E27B1B1C400621BC6 /* SpaceXResponseModel.swift in Sources */ = {isa = PBXBuildFile; fileRef = A5520D2D27B1B1C400621BC6 /* SpaceXResponseModel.swift */; };
		A5520D3027B1B3F500621BC6 /* Service.swift in Sources */ = {isa = PBXBuildFile; fileRef = A5520D2F27B1B3F500621BC6 /* Service.swift */; };
		A5520D3327B1B43000621BC6 /* Alamofire in Frameworks */ = {isa = PBXBuildFile; productRef = A5520D3227B1B43000621BC6 /* Alamofire */; };
		A5520D3627B1B49400621BC6 /* Constant.swift in Sources */ = {isa = PBXBuildFile; fileRef = A5520D3527B1B49400621BC6 /* Constant.swift */; };
		A5520D3827B1B4BA00621BC6 /* Constant+Network.swift in Sources */ = {isa = PBXBuildFile; fileRef = A5520D3727B1B4BA00621BC6 /* Constant+Network.swift */; };
		A5520D3C27B1B54800621BC6 /* Services.swift in Sources */ = {isa = PBXBuildFile; fileRef = A5520D3B27B1B54800621BC6 /* Services.swift */; };
/* End PBXBuildFile section */

/* Begin PBXFileReference section */
		A526793F27B9311000EDFD3E /* AllLaunchesCollectionViewCell.swift */ = {isa = PBXFileReference; lastKnownFileType = sourcecode.swift; path = AllLaunchesCollectionViewCell.swift; sourceTree = "<group>"; };
		A526794827B934FB00EDFD3E /* AllLaunchesCollectionViewProvider.swift */ = {isa = PBXFileReference; lastKnownFileType = sourcecode.swift; path = AllLaunchesCollectionViewProvider.swift; sourceTree = "<group>"; };
		A526794B27B935E500EDFD3E /* AllLaunchesViewModel.swift */ = {isa = PBXFileReference; lastKnownFileType = sourcecode.swift; path = AllLaunchesViewModel.swift; sourceTree = "<group>"; };
		A526794E27B9369B00EDFD3E /* LaunchDetailViewController.swift */ = {isa = PBXFileReference; lastKnownFileType = sourcecode.swift; path = LaunchDetailViewController.swift; sourceTree = "<group>"; };
		A526795327B9428B00EDFD3E /* UIViewController+Extension.swift */ = {isa = PBXFileReference; lastKnownFileType = sourcecode.swift; path = "UIViewController+Extension.swift"; sourceTree = "<group>"; };
		A5520D1027B1AC2300621BC6 /* SpaceXUikit.app */ = {isa = PBXFileReference; explicitFileType = wrapper.application; includeInIndex = 0; path = SpaceXUikit.app; sourceTree = BUILT_PRODUCTS_DIR; };
		A5520D1327B1AC2300621BC6 /* AppDelegate.swift */ = {isa = PBXFileReference; lastKnownFileType = sourcecode.swift; path = AppDelegate.swift; sourceTree = "<group>"; };
		A5520D1527B1AC2300621BC6 /* SceneDelegate.swift */ = {isa = PBXFileReference; lastKnownFileType = sourcecode.swift; path = SceneDelegate.swift; sourceTree = "<group>"; };
		A5520D1727B1AC2300621BC6 /* AllLaunchesViewController.swift */ = {isa = PBXFileReference; lastKnownFileType = sourcecode.swift; path = AllLaunchesViewController.swift; sourceTree = "<group>"; };
		A5520D1C27B1AC2300621BC6 /* Assets.xcassets */ = {isa = PBXFileReference; lastKnownFileType = folder.assetcatalog; path = Assets.xcassets; sourceTree = "<group>"; };
		A5520D1F27B1AC2300621BC6 /* Base */ = {isa = PBXFileReference; lastKnownFileType = file.storyboard; name = Base; path = Base.lproj/LaunchScreen.storyboard; sourceTree = "<group>"; };
		A5520D2127B1AC2300621BC6 /* Info.plist */ = {isa = PBXFileReference; lastKnownFileType = text.plist.xml; path = Info.plist; sourceTree = "<group>"; };
		A5520D2A27B1AE5F00621BC6 /* Coordinator.swift */ = {isa = PBXFileReference; lastKnownFileType = sourcecode.swift; path = Coordinator.swift; sourceTree = "<group>"; };
		A5520D2D27B1B1C400621BC6 /* SpaceXResponseModel.swift */ = {isa = PBXFileReference; lastKnownFileType = sourcecode.swift; path = SpaceXResponseModel.swift; sourceTree = "<group>"; };
		A5520D2F27B1B3F500621BC6 /* Service.swift */ = {isa = PBXFileReference; lastKnownFileType = sourcecode.swift; path = Service.swift; sourceTree = "<group>"; };
		A5520D3527B1B49400621BC6 /* Constant.swift */ = {isa = PBXFileReference; lastKnownFileType = sourcecode.swift; path = Constant.swift; sourceTree = "<group>"; };
		A5520D3727B1B4BA00621BC6 /* Constant+Network.swift */ = {isa = PBXFileReference; lastKnownFileType = sourcecode.swift; path = "Constant+Network.swift"; sourceTree = "<group>"; };
		A5520D3B27B1B54800621BC6 /* Services.swift */ = {isa = PBXFileReference; lastKnownFileType = sourcecode.swift; path = Services.swift; sourceTree = "<group>"; };
/* End PBXFileReference section */

/* Begin PBXFrameworksBuildPhase section */
		A5520D0D27B1AC2300621BC6 /* Frameworks */ = {
			isa = PBXFrameworksBuildPhase;
			buildActionMask = 2147483647;
			files = (
				A526794627B9337400EDFD3E /* SnapKit in Frameworks */,
				A526794327B9335600EDFD3E /* Kingfisher in Frameworks */,
				A5520D3327B1B43000621BC6 /* Alamofire in Frameworks */,
			);
			runOnlyForDeploymentPostprocessing = 0;
		};
/* End PBXFrameworksBuildPhase section */

/* Begin PBXGroup section */
		A526793B27B9306700EDFD3E /* Screens */ = {
			isa = PBXGroup;
			children = (
				A526793C27B9308200EDFD3E /* AllLaunches */,
			);
			path = Screens;
			sourceTree = "<group>";
		};
		A526793C27B9308200EDFD3E /* AllLaunches */ = {
			isa = PBXGroup;
			children = (
				A526794D27B9366D00EDFD3E /* LauncDetail */,
				A526794B27B935E500EDFD3E /* AllLaunchesViewModel.swift */,
				A526794827B934FB00EDFD3E /* AllLaunchesCollectionViewProvider.swift */,
				A526793F27B9311000EDFD3E /* AllLaunchesCollectionViewCell.swift */,
				A5520D1727B1AC2300621BC6 /* AllLaunchesViewController.swift */,
			);
			path = AllLaunches;
			sourceTree = "<group>";
		};
		A526794D27B9366D00EDFD3E /* LauncDetail */ = {
			isa = PBXGroup;
			children = (
				A526794E27B9369B00EDFD3E /* LaunchDetailViewController.swift */,
			);
			path = LauncDetail;
			sourceTree = "<group>";
		};
		A526795027B9426100EDFD3E /* Extensions */ = {
			isa = PBXGroup;
			children = (
				A526795327B9428B00EDFD3E /* UIViewController+Extension.swift */,
			);
			path = Extensions;
			sourceTree = "<group>";
		};
		A5520D0727B1AC2200621BC6 = {
			isa = PBXGroup;
			children = (
				A5520D1227B1AC2300621BC6 /* SpaceXUikit */,
				A5520D1127B1AC2300621BC6 /* Products */,
			);
			sourceTree = "<group>";
		};
		A5520D1127B1AC2300621BC6 /* Products */ = {
			isa = PBXGroup;
			children = (
				A5520D1027B1AC2300621BC6 /* SpaceXUikit.app */,
			);
			name = Products;
			sourceTree = "<group>";
		};
		A5520D1227B1AC2300621BC6 /* SpaceXUikit */ = {
			isa = PBXGroup;
			children = (
				A5520D2927B1AC6E00621BC6 /* Resources */,
				A5520D2827B1AC4600621BC6 /* Module */,
				A5520D2727B1AC3500621BC6 /* App */,
				A5520D2127B1AC2300621BC6 /* Info.plist */,
			);
			path = SpaceXUikit;
			sourceTree = "<group>";
		};
		A5520D2727B1AC3500621BC6 /* App */ = {
			isa = PBXGroup;
			children = (
				A5520D1527B1AC2300621BC6 /* SceneDelegate.swift */,
				A5520D1327B1AC2300621BC6 /* AppDelegate.swift */,
				A5520D2A27B1AE5F00621BC6 /* Coordinator.swift */,
			);
			path = App;
			sourceTree = "<group>";
		};
		A5520D2827B1AC4600621BC6 /* Module */ = {
			isa = PBXGroup;
			children = (
				A526793B27B9306700EDFD3E /* Screens */,
				A5520D3927B1B4C800621BC6 /* Network */,
				A5520D3427B1B48800621BC6 /* Constant */,
			);
			path = Module;
			sourceTree = "<group>";
		};
		A5520D2927B1AC6E00621BC6 /* Resources */ = {
			isa = PBXGroup;
			children = (
				A526795027B9426100EDFD3E /* Extensions */,
				A5520D1C27B1AC2300621BC6 /* Assets.xcassets */,
				A5520D1E27B1AC2300621BC6 /* LaunchScreen.storyboard */,
			);
			path = Resources;
			sourceTree = "<group>";
		};
		A5520D2C27B1B10500621BC6 /* Model */ = {
			isa = PBXGroup;
			children = (
				A5520D2D27B1B1C400621BC6 /* SpaceXResponseModel.swift */,
			);
			path = Model;
			sourceTree = "<group>";
		};
		A5520D3427B1B48800621BC6 /* Constant */ = {
			isa = PBXGroup;
			children = (
				A5520D3527B1B49400621BC6 /* Constant.swift */,
				A5520D3727B1B4BA00621BC6 /* Constant+Network.swift */,
			);
			path = Constant;
			sourceTree = "<group>";
		};
		A5520D3927B1B4C800621BC6 /* Network */ = {
			isa = PBXGroup;
			children = (
				A5520D3A27B1B4D800621BC6 /* Service */,
				A5520D2C27B1B10500621BC6 /* Model */,
			);
			path = Network;
			sourceTree = "<group>";
		};
		A5520D3A27B1B4D800621BC6 /* Service */ = {
			isa = PBXGroup;
			children = (
				A5520D2F27B1B3F500621BC6 /* Service.swift */,
				A5520D3B27B1B54800621BC6 /* Services.swift */,
			);
			path = Service;
			sourceTree = "<group>";
		};
/* End PBXGroup section */

/* Begin PBXNativeTarget section */
		A5520D0F27B1AC2300621BC6 /* SpaceXUikit */ = {
			isa = PBXNativeTarget;
			buildConfigurationList = A5520D2427B1AC2300621BC6 /* Build configuration list for PBXNativeTarget "SpaceXUikit" */;
			buildPhases = (
				A5520D0C27B1AC2300621BC6 /* Sources */,
				A5520D0D27B1AC2300621BC6 /* Frameworks */,
				A5520D0E27B1AC2300621BC6 /* Resources */,
			);
			buildRules = (
			);
			dependencies = (
			);
			name = SpaceXUikit;
			packageProductDependencies = (
				A5520D3227B1B43000621BC6 /* Alamofire */,
				A526794227B9335600EDFD3E /* Kingfisher */,
				A526794527B9337400EDFD3E /* SnapKit */,
			);
			productName = SpaceXUikit;
			productReference = A5520D1027B1AC2300621BC6 /* SpaceXUikit.app */;
			productType = "com.apple.product-type.application";
		};
/* End PBXNativeTarget section */

/* Begin PBXProject section */
		A5520D0827B1AC2200621BC6 /* Project object */ = {
			isa = PBXProject;
			attributes = {
				BuildIndependentTargetsInParallel = 1;
				LastSwiftUpdateCheck = 1320;
				LastUpgradeCheck = 1320;
				TargetAttributes = {
					A5520D0F27B1AC2300621BC6 = {
						CreatedOnToolsVersion = 13.2;
					};
				};
			};
			buildConfigurationList = A5520D0B27B1AC2300621BC6 /* Build configuration list for PBXProject "SpaceXUikit" */;
			compatibilityVersion = "Xcode 13.0";
			developmentRegion = en;
			hasScannedForEncodings = 0;
			knownRegions = (
				en,
				Base,
			);
			mainGroup = A5520D0727B1AC2200621BC6;
			packageReferences = (
				A5520D3127B1B43000621BC6 /* XCRemoteSwiftPackageReference "Alamofire" */,
				A526794127B9335600EDFD3E /* XCRemoteSwiftPackageReference "Kingfisher" */,
				A526794427B9337400EDFD3E /* XCRemoteSwiftPackageReference "SnapKit" */,
			);
			productRefGroup = A5520D1127B1AC2300621BC6 /* Products */;
			projectDirPath = "";
			projectRoot = "";
			targets = (
				A5520D0F27B1AC2300621BC6 /* SpaceXUikit */,
			);
		};
/* End PBXProject section */

/* Begin PBXResourcesBuildPhase section */
		A5520D0E27B1AC2300621BC6 /* Resources */ = {
			isa = PBXResourcesBuildPhase;
			buildActionMask = 2147483647;
			files = (
				A5520D2027B1AC2300621BC6 /* LaunchScreen.storyboard in Resources */,
				A5520D1D27B1AC2300621BC6 /* Assets.xcassets in Resources */,
			);
			runOnlyForDeploymentPostprocessing = 0;
		};
/* End PBXResourcesBuildPhase section */

/* Begin PBXSourcesBuildPhase section */
		A5520D0C27B1AC2300621BC6 /* Sources */ = {
			isa = PBXSourcesBuildPhase;
			buildActionMask = 2147483647;
			files = (
				A5520D3827B1B4BA00621BC6 /* Constant+Network.swift in Sources */,
				A526794C27B935E500EDFD3E /* AllLaunchesViewModel.swift in Sources */,
				A526794F27B9369B00EDFD3E /* LaunchDetailViewController.swift in Sources */,
				A526794027B9311000EDFD3E /* AllLaunchesCollectionViewCell.swift in Sources */,
				A526795427B9428B00EDFD3E /* UIViewController+Extension.swift in Sources */,
				A5520D3627B1B49400621BC6 /* Constant.swift in Sources */,
				A5520D2B27B1AE5F00621BC6 /* Coordinator.swift in Sources */,
				A5520D1827B1AC2300621BC6 /* AllLaunchesViewController.swift in Sources */,
				A5520D1427B1AC2300621BC6 /* AppDelegate.swift in Sources */,
				A5520D2E27B1B1C400621BC6 /* SpaceXResponseModel.swift in Sources */,
				A5520D1627B1AC2300621BC6 /* SceneDelegate.swift in Sources */,
				A5520D3C27B1B54800621BC6 /* Services.swift in Sources */,
				A526794927B934FB00EDFD3E /* AllLaunchesCollectionViewProvider.swift in Sources */,
				A5520D3027B1B3F500621BC6 /* Service.swift in Sources */,
			);
			runOnlyForDeploymentPostprocessing = 0;
		};
/* End PBXSourcesBuildPhase section */

/* Begin PBXVariantGroup section */
		A5520D1E27B1AC2300621BC6 /* LaunchScreen.storyboard */ = {
			isa = PBXVariantGroup;
			children = (
				A5520D1F27B1AC2300621BC6 /* Base */,
			);
			name = LaunchScreen.storyboard;
			sourceTree = "<group>";
		};
/* End PBXVariantGroup section */

/* Begin XCBuildConfiguration section */
		A5520D2227B1AC2300621BC6 /* Debug */ = {
			isa = XCBuildConfiguration;
			buildSettings = {
				ALWAYS_SEARCH_USER_PATHS = NO;
				CLANG_ANALYZER_NONNULL = YES;
				CLANG_ANALYZER_NUMBER_OBJECT_CONVERSION = YES_AGGRESSIVE;
				CLANG_CXX_LANGUAGE_STANDARD = "gnu++17";
				CLANG_CXX_LIBRARY = "libc++";
				CLANG_ENABLE_MODULES = YES;
				CLANG_ENABLE_OBJC_ARC = YES;
				CLANG_ENABLE_OBJC_WEAK = YES;
				CLANG_WARN_BLOCK_CAPTURE_AUTORELEASING = YES;
				CLANG_WARN_BOOL_CONVERSION = YES;
				CLANG_WARN_COMMA = YES;
				CLANG_WARN_CONSTANT_CONVERSION = YES;
				CLANG_WARN_DEPRECATED_OBJC_IMPLEMENTATIONS = YES;
				CLANG_WARN_DIRECT_OBJC_ISA_USAGE = YES_ERROR;
				CLANG_WARN_DOCUMENTATION_COMMENTS = YES;
				CLANG_WARN_EMPTY_BODY = YES;
				CLANG_WARN_ENUM_CONVERSION = YES;
				CLANG_WARN_INFINITE_RECURSION = YES;
				CLANG_WARN_INT_CONVERSION = YES;
				CLANG_WARN_NON_LITERAL_NULL_CONVERSION = YES;
				CLANG_WARN_OBJC_IMPLICIT_RETAIN_SELF = YES;
				CLANG_WARN_OBJC_LITERAL_CONVERSION = YES;
				CLANG_WARN_OBJC_ROOT_CLASS = YES_ERROR;
				CLANG_WARN_QUOTED_INCLUDE_IN_FRAMEWORK_HEADER = YES;
				CLANG_WARN_RANGE_LOOP_ANALYSIS = YES;
				CLANG_WARN_STRICT_PROTOTYPES = YES;
				CLANG_WARN_SUSPICIOUS_MOVE = YES;
				CLANG_WARN_UNGUARDED_AVAILABILITY = YES_AGGRESSIVE;
				CLANG_WARN_UNREACHABLE_CODE = YES;
				CLANG_WARN__DUPLICATE_METHOD_MATCH = YES;
				COPY_PHASE_STRIP = NO;
				DEBUG_INFORMATION_FORMAT = dwarf;
				ENABLE_STRICT_OBJC_MSGSEND = YES;
				ENABLE_TESTABILITY = YES;
				GCC_C_LANGUAGE_STANDARD = gnu11;
				GCC_DYNAMIC_NO_PIC = NO;
				GCC_NO_COMMON_BLOCKS = YES;
				GCC_OPTIMIZATION_LEVEL = 0;
				GCC_PREPROCESSOR_DEFINITIONS = (
					"DEBUG=1",
					"$(inherited)",
				);
				GCC_WARN_64_TO_32_BIT_CONVERSION = YES;
				GCC_WARN_ABOUT_RETURN_TYPE = YES_ERROR;
				GCC_WARN_UNDECLARED_SELECTOR = YES;
				GCC_WARN_UNINITIALIZED_AUTOS = YES_AGGRESSIVE;
				GCC_WARN_UNUSED_FUNCTION = YES;
				GCC_WARN_UNUSED_VARIABLE = YES;
				IPHONEOS_DEPLOYMENT_TARGET = 15.2;
				MTL_ENABLE_DEBUG_INFO = INCLUDE_SOURCE;
				MTL_FAST_MATH = YES;
				ONLY_ACTIVE_ARCH = YES;
				SDKROOT = iphoneos;
				SWIFT_ACTIVE_COMPILATION_CONDITIONS = DEBUG;
				SWIFT_OPTIMIZATION_LEVEL = "-Onone";
			};
			name = Debug;
		};
		A5520D2327B1AC2300621BC6 /* Release */ = {
			isa = XCBuildConfiguration;
			buildSettings = {
				ALWAYS_SEARCH_USER_PATHS = NO;
				CLANG_ANALYZER_NONNULL = YES;
				CLANG_ANALYZER_NUMBER_OBJECT_CONVERSION = YES_AGGRESSIVE;
				CLANG_CXX_LANGUAGE_STANDARD = "gnu++17";
				CLANG_CXX_LIBRARY = "libc++";
				CLANG_ENABLE_MODULES = YES;
				CLANG_ENABLE_OBJC_ARC = YES;
				CLANG_ENABLE_OBJC_WEAK = YES;
				CLANG_WARN_BLOCK_CAPTURE_AUTORELEASING = YES;
				CLANG_WARN_BOOL_CONVERSION = YES;
				CLANG_WARN_COMMA = YES;
				CLANG_WARN_CONSTANT_CONVERSION = YES;
				CLANG_WARN_DEPRECATED_OBJC_IMPLEMENTATIONS = YES;
				CLANG_WARN_DIRECT_OBJC_ISA_USAGE = YES_ERROR;
				CLANG_WARN_DOCUMENTATION_COMMENTS = YES;
				CLANG_WARN_EMPTY_BODY = YES;
				CLANG_WARN_ENUM_CONVERSION = YES;
				CLANG_WARN_INFINITE_RECURSION = YES;
				CLANG_WARN_INT_CONVERSION = YES;
				CLANG_WARN_NON_LITERAL_NULL_CONVERSION = YES;
				CLANG_WARN_OBJC_IMPLICIT_RETAIN_SELF = YES;
				CLANG_WARN_OBJC_LITERAL_CONVERSION = YES;
				CLANG_WARN_OBJC_ROOT_CLASS = YES_ERROR;
				CLANG_WARN_QUOTED_INCLUDE_IN_FRAMEWORK_HEADER = YES;
				CLANG_WARN_RANGE_LOOP_ANALYSIS = YES;
				CLANG_WARN_STRICT_PROTOTYPES = YES;
				CLANG_WARN_SUSPICIOUS_MOVE = YES;
				CLANG_WARN_UNGUARDED_AVAILABILITY = YES_AGGRESSIVE;
				CLANG_WARN_UNREACHABLE_CODE = YES;
				CLANG_WARN__DUPLICATE_METHOD_MATCH = YES;
				COPY_PHASE_STRIP = NO;
				DEBUG_INFORMATION_FORMAT = "dwarf-with-dsym";
				ENABLE_NS_ASSERTIONS = NO;
				ENABLE_STRICT_OBJC_MSGSEND = YES;
				GCC_C_LANGUAGE_STANDARD = gnu11;
				GCC_NO_COMMON_BLOCKS = YES;
				GCC_WARN_64_TO_32_BIT_CONVERSION = YES;
				GCC_WARN_ABOUT_RETURN_TYPE = YES_ERROR;
				GCC_WARN_UNDECLARED_SELECTOR = YES;
				GCC_WARN_UNINITIALIZED_AUTOS = YES_AGGRESSIVE;
				GCC_WARN_UNUSED_FUNCTION = YES;
				GCC_WARN_UNUSED_VARIABLE = YES;
				IPHONEOS_DEPLOYMENT_TARGET = 15.2;
				MTL_ENABLE_DEBUG_INFO = NO;
				MTL_FAST_MATH = YES;
				SDKROOT = iphoneos;
				SWIFT_COMPILATION_MODE = wholemodule;
				SWIFT_OPTIMIZATION_LEVEL = "-O";
				VALIDATE_PRODUCT = YES;
			};
			name = Release;
		};
		A5520D2527B1AC2300621BC6 /* Debug */ = {
			isa = XCBuildConfiguration;
			buildSettings = {
				ASSETCATALOG_COMPILER_APPICON_NAME = AppIcon;
				ASSETCATALOG_COMPILER_GLOBAL_ACCENT_COLOR_NAME = AccentColor;
				CODE_SIGN_STYLE = Automatic;
				CURRENT_PROJECT_VERSION = 1;
				DEVELOPMENT_TEAM = A3S3L7HPNK;
				GENERATE_INFOPLIST_FILE = YES;
				INFOPLIST_FILE = SpaceXUikit/Info.plist;
				INFOPLIST_KEY_UIApplicationSupportsIndirectInputEvents = YES;
				INFOPLIST_KEY_UILaunchStoryboardName = LaunchScreen;
				INFOPLIST_KEY_UISupportedInterfaceOrientations_iPad = "UIInterfaceOrientationPortrait UIInterfaceOrientationPortraitUpsideDown UIInterfaceOrientationLandscapeLeft UIInterfaceOrientationLandscapeRight";
				INFOPLIST_KEY_UISupportedInterfaceOrientations_iPhone = "UIInterfaceOrientationPortrait UIInterfaceOrientationLandscapeLeft UIInterfaceOrientationLandscapeRight";
				LD_RUNPATH_SEARCH_PATHS = (
					"$(inherited)",
					"@executable_path/Frameworks",
				);
				MARKETING_VERSION = 1.0;
				PRODUCT_BUNDLE_IDENTIFIER = brsrld.SpaceXUikit;
				PRODUCT_NAME = "$(TARGET_NAME)";
				SWIFT_EMIT_LOC_STRINGS = YES;
				SWIFT_VERSION = 5.0;
				TARGETED_DEVICE_FAMILY = 1;
			};
			name = Debug;
		};
		A5520D2627B1AC2300621BC6 /* Release */ = {
			isa = XCBuildConfiguration;
			buildSettings = {
				ASSETCATALOG_COMPILER_APPICON_NAME = AppIcon;
				ASSETCATALOG_COMPILER_GLOBAL_ACCENT_COLOR_NAME = AccentColor;
				CODE_SIGN_STYLE = Automatic;
				CURRENT_PROJECT_VERSION = 1;
				DEVELOPMENT_TEAM = A3S3L7HPNK;
				GENERATE_INFOPLIST_FILE = YES;
				INFOPLIST_FILE = SpaceXUikit/Info.plist;
				INFOPLIST_KEY_UIApplicationSupportsIndirectInputEvents = YES;
				INFOPLIST_KEY_UILaunchStoryboardName = LaunchScreen;
				INFOPLIST_KEY_UISupportedInterfaceOrientations_iPad = "UIInterfaceOrientationPortrait UIInterfaceOrientationPortraitUpsideDown UIInterfaceOrientationLandscapeLeft UIInterfaceOrientationLandscapeRight";
				INFOPLIST_KEY_UISupportedInterfaceOrientations_iPhone = "UIInterfaceOrientationPortrait UIInterfaceOrientationLandscapeLeft UIInterfaceOrientationLandscapeRight";
				LD_RUNPATH_SEARCH_PATHS = (
					"$(inherited)",
					"@executable_path/Frameworks",
				);
				MARKETING_VERSION = 1.0;
				PRODUCT_BUNDLE_IDENTIFIER = brsrld.SpaceXUikit;
				PRODUCT_NAME = "$(TARGET_NAME)";
				SWIFT_EMIT_LOC_STRINGS = YES;
				SWIFT_VERSION = 5.0;
				TARGETED_DEVICE_FAMILY = 1;
			};
			name = Release;
		};
/* End XCBuildConfiguration section */

/* Begin XCConfigurationList section */
		A5520D0B27B1AC2300621BC6 /* Build configuration list for PBXProject "SpaceXUikit" */ = {
			isa = XCConfigurationList;
			buildConfigurations = (
				A5520D2227B1AC2300621BC6 /* Debug */,
				A5520D2327B1AC2300621BC6 /* Release */,
			);
			defaultConfigurationIsVisible = 0;
			defaultConfigurationName = Release;
		};
		A5520D2427B1AC2300621BC6 /* Build configuration list for PBXNativeTarget "SpaceXUikit" */ = {
			isa = XCConfigurationList;
			buildConfigurations = (
				A5520D2527B1AC2300621BC6 /* Debug */,
				A5520D2627B1AC2300621BC6 /* Release */,
			);
			defaultConfigurationIsVisible = 0;
			defaultConfigurationName = Release;
		};
/* End XCConfigurationList section */

/* Begin XCRemoteSwiftPackageReference section */
		A526794127B9335600EDFD3E /* XCRemoteSwiftPackageReference "Kingfisher" */ = {
			isa = XCRemoteSwiftPackageReference;
			repositoryURL = "https://github.com/onevcat/Kingfisher";
			requirement = {
				kind = upToNextMajorVersion;
				minimumVersion = 7.0.0;
			};
		};
		A526794427B9337400EDFD3E /* XCRemoteSwiftPackageReference "SnapKit" */ = {
			isa = XCRemoteSwiftPackageReference;
			repositoryURL = "https://github.com/SnapKit/SnapKit";
			requirement = {
				kind = upToNextMajorVersion;
				minimumVersion = 5.0.0;
			};
		};
		A5520D3127B1B43000621BC6 /* XCRemoteSwiftPackageReference "Alamofire" */ = {
			isa = XCRemoteSwiftPackageReference;
			repositoryURL = "https://github.com/Alamofire/Alamofire";
			requirement = {
				kind = upToNextMajorVersion;
				minimumVersion = 5.0.0;
			};
		};
/* End XCRemoteSwiftPackageReference section */

/* Begin XCSwiftPackageProductDependency section */
		A526794227B9335600EDFD3E /* Kingfisher */ = {
			isa = XCSwiftPackageProductDependency;
			package = A526794127B9335600EDFD3E /* XCRemoteSwiftPackageReference "Kingfisher" */;
			productName = Kingfisher;
		};
		A526794527B9337400EDFD3E /* SnapKit */ = {
			isa = XCSwiftPackageProductDependency;
			package = A526794427B9337400EDFD3E /* XCRemoteSwiftPackageReference "SnapKit" */;
			productName = SnapKit;
		};
		A5520D3227B1B43000621BC6 /* Alamofire */ = {
			isa = XCSwiftPackageProductDependency;
			package = A5520D3127B1B43000621BC6 /* XCRemoteSwiftPackageReference "Alamofire" */;
			productName = Alamofire;
		};
/* End XCSwiftPackageProductDependency section */
	};
	rootObject = A5520D0827B1AC2200621BC6 /* Project object */;
}
